<?xml version="1.0" encoding="utf-8"?>
<Project ToolsVersion="4.0" xmlns="http://schemas.microsoft.com/developer/msbuild/2003">
  <ItemGroup>
    <ClCompile Include="api.cpp" />
  </ItemGroup>
  <ItemGroup>
    <ClInclude Include="api.h" />
    <ClInclude Include="sdk\APIServer.h">
      <Filter>sdk</Filter>
    </ClInclude>
    <ClInclude Include="sdk\APIVehicle.h">
      <Filter>sdk</Filter>
    </ClInclude>
    <ClInclude Include="sdk\APIVisual.h">
      <Filter>sdk</Filter>
    </ClInclude>
    <ClInclude Include="sdk\APIWorld.h">
      <Filter>sdk</Filter>
    </ClInclude>
    <ClInclude Include="sdk\CVector3.h">
      <Filter>sdk</Filter>
    </ClInclude>
    <ClInclude Include="sdk\CVector4.h">
      <Filter>sdk</Filter>
    </ClInclude>
    <ClInclude Include="sdk\APIEntity.h">
      <Filter>sdk</Filter>
    </ClInclude>
    <ClInclude Include="sdk\APIObject.h">
      <Filter>sdk</Filter>
    </ClInclude>
    <ClInclude Include="sdk\APIPlayer.h">
      <Filter>sdk</Filter>
    </ClInclude>
  </ItemGroup>
  <ItemGroup>
    <Filter Include="sdk">
      <UniqueIdentifier>{53ff5b31-1865-4560-a251-9cf7d011eef7}</UniqueIdentifier>
    </Filter>
  </ItemGroup>
</Project>